PODS:
  - Alamofire (4.8.0)
  - OpenTok (2.15.2)

DEPENDENCIES:
  - Alamofire
  - OpenTok

SPEC REPOS:
  https://github.com/cocoapods/specs.git:
    - Alamofire
    - OpenTok

SPEC CHECKSUMS:
  Alamofire: 3ec537f71edc9804815215393ae2b1a8ea33a844
  OpenTok: 111a5adecd33ca16e6bece1b6af7505559e0c7f0

PODFILE CHECKSUM: 67428b56f3635debb5c6adcaba2216ccb8cc2ebe

COCOAPODS: 1.5.3
